
Microsoft Visual Studio Solution File, Format Version 12.00
# Visual Studio Version 17
VisualStudioVersion = 17.8.34330.188
MinimumVisualStudioVersion = 10.0.40219.1
Project("{FAE04EC0-301F-11D3-BF4B-00C04F79EFBC}") = "PokemosApp", "PokemosApp\PokemosApp.csproj", "{186A15BA-6742-4D44-B605-AACF5FE4D768}"
EndProject
Project("{FAE04EC0-301F-11D3-BF4B-00C04F79EFBC}") = "dominio", "dominio\dominio.csproj", "{016DEB0D-0863-47C7-B6E7-9D907218F312}"
EndProject
Project("{FAE04EC0-301F-11D3-BF4B-00C04F79EFBC}") = "negocio", "negocio\negocio.csproj", "{C645CF23-B7CD-4FB5-9C20-BC64038D6D7B}"
EndProject
Global
	GlobalSection(SolutionConfigurationPlatforms) = preSolution
		Debug|Any CPU = Debug|Any CPU
		Release|Any CPU = Release|Any CPU
	EndGlobalSection
	GlobalSection(ProjectConfigurationPlatforms) = postSolution
		{186A15BA-6742-4D44-B605-AACF5FE4D768}.Debug|Any CPU.ActiveCfg = Debug|Any CPU
		{186A15BA-6742-4D44-B605-AACF5FE4D768}.Debug|Any CPU.Build.0 = Debug|Any CPU
		{186A15BA-6742-4D44-B605-AACF5FE4D768}.Release|Any CPU.ActiveCfg = Release|Any CPU
		{186A15BA-6742-4D44-B605-AACF5FE4D768}.Release|Any CPU.Build.0 = Release|Any CPU
		{016DEB0D-0863-47C7-B6E7-9D907218F312}.Debug|Any CPU.ActiveCfg = Debug|Any CPU
		{016DEB0D-0863-47C7-B6E7-9D907218F312}.Debug|Any CPU.Build.0 = Debug|Any CPU
		{016DEB0D-0863-47C7-B6E7-9D907218F312}.Release|Any CPU.ActiveCfg = Release|Any CPU
		{016DEB0D-0863-47C7-B6E7-9D907218F312}.Release|Any CPU.Build.0 = Release|Any CPU
		{C645CF23-B7CD-4FB5-9C20-BC64038D6D7B}.Debug|Any CPU.ActiveCfg = Debug|Any CPU
		{C645CF23-B7CD-4FB5-9C20-BC64038D6D7B}.Debug|Any CPU.Build.0 = Debug|Any CPU
		{C645CF23-B7CD-4FB5-9C20-BC64038D6D7B}.Release|Any CPU.ActiveCfg = Release|Any CPU
		{C645CF23-B7CD-4FB5-9C20-BC64038D6D7B}.Release|Any CPU.Build.0 = Release|Any CPU
	EndGlobalSection
	GlobalSection(SolutionProperties) = preSolution
		HideSolutionNode = FALSE
	EndGlobalSection
	GlobalSection(ExtensibilityGlobals) = postSolution
		SolutionGuid = {67DE475E-36DD-4A68-B9F3-983E935D65C8}
	EndGlobalSection
EndGlobal
